
Microsoft Visual Studio Solution File, Format Version 12.00
# Visual Studio Version 16
VisualStudioVersion = 16.0.28803.202
MinimumVisualStudioVersion = 10.0.40219.1
Project("{FAE04EC0-301F-11D3-BF4B-00C04F79EFBC}") = "RobertoWebMvc", "RobertoWebMvc\RobertoWebMvc.csproj", "{71B52367-4D15-478B-99C0-FCDEE6FC2C68}"
EndProject
Global
	GlobalSection(SolutionConfigurationPlatforms) = preSolution
		Debug|Any CPU = Debug|Any CPU
		Release|Any CPU = Release|Any CPU
	EndGlobalSection
	GlobalSection(ProjectConfigurationPlatforms) = postSolution
		{71B52367-4D15-478B-99C0-FCDEE6FC2C68}.Debug|Any CPU.ActiveCfg = Debug|Any CPU
		{71B52367-4D15-478B-99C0-FCDEE6FC2C68}.Debug|Any CPU.Build.0 = Debug|Any CPU
		{71B52367-4D15-478B-99C0-FCDEE6FC2C68}.Release|Any CPU.ActiveCfg = Release|Any CPU
		{71B52367-4D15-478B-99C0-FCDEE6FC2C68}.Release|Any CPU.Build.0 = Release|Any CPU
	EndGlobalSection
	GlobalSection(SolutionProperties) = preSolution
		HideSolutionNode = FALSE
	EndGlobalSection
	GlobalSection(ExtensibilityGlobals) = postSolution
		SolutionGuid = {EC5390D1-A077-420A-A2BB-8FA3B6369DEA}
	EndGlobalSection
EndGlobal
